
Microsoft Visual Studio Solution File, Format Version 12.00
# Visual Studio 2012
Project("{FAE04EC0-301F-11D3-BF4B-00C04F79EFBC}") = "Model", "Model\Model.csproj", "{B40A9F94-EF2B-4E52-9CFF-D9DAF2B42E65}"
EndProject
Project("{FAE04EC0-301F-11D3-BF4B-00C04F79EFBC}") = "Model.Tests", "Model.Tests\Model.Tests.csproj", "{71DFBE66-4959-498C-A8E4-A273180E60EA}"
EndProject
Project("{2150E333-8FDC-42A3-9474-1A3956D46DE8}") = "Solution Items", "Solution Items", "{287A6B6D-E438-4AC7-A474-56D37C608AB6}"
	ProjectSection(SolutionItems) = preProject
		CloudDeploy.vsmdi = CloudDeploy.vsmdi
		Local.testsettings = Local.testsettings
		TraceAndTestImpact.testsettings = TraceAndTestImpact.testsettings
	EndProjectSection
EndProject
Project("{FAE04EC0-301F-11D3-BF4B-00C04F79EFBC}") = "Persistence", "Persistence\Persistence.csproj", "{22964247-3C79-4404-A8EA-BED7C7B780A1}"
EndProject
Project("{2150E333-8FDC-42A3-9474-1A3956D46DE8}") = "Model", "Model", "{7802C39B-9027-467D-82A0-E6DC07640A51}"
EndProject
Project("{2150E333-8FDC-42A3-9474-1A3956D46DE8}") = "Data", "Data", "{65CA7A10-4203-4088-AB09-850F5559F4CC}"
EndProject
Project("{2150E333-8FDC-42A3-9474-1A3956D46DE8}") = "Clients", "Clients", "{997AC60A-B1D2-4D4A-A26A-6B8A234A359C}"
EndProject
Project("{FAE04EC0-301F-11D3-BF4B-00C04F79EFBC}") = "Console", "Console\Console.csproj", "{2180D8B7-7AF7-4A1F-B8D5-3F7A299B271B}"
EndProject
Project("{FAE04EC0-301F-11D3-BF4B-00C04F79EFBC}") = "Persistence.Tests", "Persistence.Tests\Persistence.Tests.csproj", "{A5B2E9F1-25CF-4733-80D3-0C3E4DFA0712}"
EndProject
Project("{FAE04EC0-301F-11D3-BF4B-00C04F79EFBC}") = "WebData", "WebData\WebData.csproj", "{10BA5DB0-8493-4076-A14A-C856D59BFAF7}"
EndProject
Global
	GlobalSection(TestCaseManagementSettings) = postSolution
		CategoryFile = CloudDeploy.vsmdi
	EndGlobalSection
	GlobalSection(SolutionConfigurationPlatforms) = preSolution
		Debug|Any CPU = Debug|Any CPU
		Debug|Mixed Platforms = Debug|Mixed Platforms
		Debug|x86 = Debug|x86
		Release|Any CPU = Release|Any CPU
		Release|Mixed Platforms = Release|Mixed Platforms
		Release|x86 = Release|x86
	EndGlobalSection
	GlobalSection(ProjectConfigurationPlatforms) = postSolution
		{B40A9F94-EF2B-4E52-9CFF-D9DAF2B42E65}.Debug|Any CPU.ActiveCfg = Debug|Any CPU
		{B40A9F94-EF2B-4E52-9CFF-D9DAF2B42E65}.Debug|Any CPU.Build.0 = Debug|Any CPU
		{B40A9F94-EF2B-4E52-9CFF-D9DAF2B42E65}.Debug|Mixed Platforms.ActiveCfg = Debug|Any CPU
		{B40A9F94-EF2B-4E52-9CFF-D9DAF2B42E65}.Debug|Mixed Platforms.Build.0 = Debug|Any CPU
		{B40A9F94-EF2B-4E52-9CFF-D9DAF2B42E65}.Debug|x86.ActiveCfg = Debug|Any CPU
		{B40A9F94-EF2B-4E52-9CFF-D9DAF2B42E65}.Release|Any CPU.ActiveCfg = Release|Any CPU
		{B40A9F94-EF2B-4E52-9CFF-D9DAF2B42E65}.Release|Any CPU.Build.0 = Release|Any CPU
		{B40A9F94-EF2B-4E52-9CFF-D9DAF2B42E65}.Release|Mixed Platforms.ActiveCfg = Release|Any CPU
		{B40A9F94-EF2B-4E52-9CFF-D9DAF2B42E65}.Release|Mixed Platforms.Build.0 = Release|Any CPU
		{B40A9F94-EF2B-4E52-9CFF-D9DAF2B42E65}.Release|x86.ActiveCfg = Release|Any CPU
		{71DFBE66-4959-498C-A8E4-A273180E60EA}.Debug|Any CPU.ActiveCfg = Debug|Any CPU
		{71DFBE66-4959-498C-A8E4-A273180E60EA}.Debug|Any CPU.Build.0 = Debug|Any CPU
		{71DFBE66-4959-498C-A8E4-A273180E60EA}.Debug|Mixed Platforms.ActiveCfg = Debug|Any CPU
		{71DFBE66-4959-498C-A8E4-A273180E60EA}.Debug|Mixed Platforms.Build.0 = Debug|Any CPU
		{71DFBE66-4959-498C-A8E4-A273180E60EA}.Debug|x86.ActiveCfg = Debug|Any CPU
		{71DFBE66-4959-498C-A8E4-A273180E60EA}.Release|Any CPU.ActiveCfg = Release|Any CPU
		{71DFBE66-4959-498C-A8E4-A273180E60EA}.Release|Any CPU.Build.0 = Release|Any CPU
		{71DFBE66-4959-498C-A8E4-A273180E60EA}.Release|Mixed Platforms.ActiveCfg = Release|Any CPU
		{71DFBE66-4959-498C-A8E4-A273180E60EA}.Release|Mixed Platforms.Build.0 = Release|Any CPU
		{71DFBE66-4959-498C-A8E4-A273180E60EA}.Release|x86.ActiveCfg = Release|Any CPU
		{22964247-3C79-4404-A8EA-BED7C7B780A1}.Debug|Any CPU.ActiveCfg = Debug|Any CPU
		{22964247-3C79-4404-A8EA-BED7C7B780A1}.Debug|Any CPU.Build.0 = Debug|Any CPU
		{22964247-3C79-4404-A8EA-BED7C7B780A1}.Debug|Mixed Platforms.ActiveCfg = Debug|Any CPU
		{22964247-3C79-4404-A8EA-BED7C7B780A1}.Debug|Mixed Platforms.Build.0 = Debug|Any CPU
		{22964247-3C79-4404-A8EA-BED7C7B780A1}.Debug|x86.ActiveCfg = Debug|Any CPU
		{22964247-3C79-4404-A8EA-BED7C7B780A1}.Release|Any CPU.ActiveCfg = Release|Any CPU
		{22964247-3C79-4404-A8EA-BED7C7B780A1}.Release|Any CPU.Build.0 = Release|Any CPU
		{22964247-3C79-4404-A8EA-BED7C7B780A1}.Release|Mixed Platforms.ActiveCfg = Release|Any CPU
		{22964247-3C79-4404-A8EA-BED7C7B780A1}.Release|Mixed Platforms.Build.0 = Release|Any CPU
		{22964247-3C79-4404-A8EA-BED7C7B780A1}.Release|x86.ActiveCfg = Release|Any CPU
		{2180D8B7-7AF7-4A1F-B8D5-3F7A299B271B}.Debug|Any CPU.ActiveCfg = Debug|x86
		{2180D8B7-7AF7-4A1F-B8D5-3F7A299B271B}.Debug|Mixed Platforms.ActiveCfg = Debug|x86
		{2180D8B7-7AF7-4A1F-B8D5-3F7A299B271B}.Debug|Mixed Platforms.Build.0 = Debug|x86
		{2180D8B7-7AF7-4A1F-B8D5-3F7A299B271B}.Debug|x86.ActiveCfg = Debug|x86
		{2180D8B7-7AF7-4A1F-B8D5-3F7A299B271B}.Debug|x86.Build.0 = Debug|x86
		{2180D8B7-7AF7-4A1F-B8D5-3F7A299B271B}.Release|Any CPU.ActiveCfg = Release|x86
		{2180D8B7-7AF7-4A1F-B8D5-3F7A299B271B}.Release|Mixed Platforms.ActiveCfg = Release|x86
		{2180D8B7-7AF7-4A1F-B8D5-3F7A299B271B}.Release|Mixed Platforms.Build.0 = Release|x86
		{2180D8B7-7AF7-4A1F-B8D5-3F7A299B271B}.Release|x86.ActiveCfg = Release|x86
		{2180D8B7-7AF7-4A1F-B8D5-3F7A299B271B}.Release|x86.Build.0 = Release|x86
		{A5B2E9F1-25CF-4733-80D3-0C3E4DFA0712}.Debug|Any CPU.ActiveCfg = Debug|Any CPU
		{A5B2E9F1-25CF-4733-80D3-0C3E4DFA0712}.Debug|Any CPU.Build.0 = Debug|Any CPU
		{A5B2E9F1-25CF-4733-80D3-0C3E4DFA0712}.Debug|Mixed Platforms.ActiveCfg = Debug|Any CPU
		{A5B2E9F1-25CF-4733-80D3-0C3E4DFA0712}.Debug|Mixed Platforms.Build.0 = Debug|Any CPU
		{A5B2E9F1-25CF-4733-80D3-0C3E4DFA0712}.Debug|x86.ActiveCfg = Debug|Any CPU
		{A5B2E9F1-25CF-4733-80D3-0C3E4DFA0712}.Release|Any CPU.ActiveCfg = Release|Any CPU
		{A5B2E9F1-25CF-4733-80D3-0C3E4DFA0712}.Release|Any CPU.Build.0 = Release|Any CPU
		{A5B2E9F1-25CF-4733-80D3-0C3E4DFA0712}.Release|Mixed Platforms.ActiveCfg = Release|Any CPU
		{A5B2E9F1-25CF-4733-80D3-0C3E4DFA0712}.Release|Mixed Platforms.Build.0 = Release|Any CPU
		{A5B2E9F1-25CF-4733-80D3-0C3E4DFA0712}.Release|x86.ActiveCfg = Release|Any CPU
		{10BA5DB0-8493-4076-A14A-C856D59BFAF7}.Debug|Any CPU.ActiveCfg = Debug|Any CPU
		{10BA5DB0-8493-4076-A14A-C856D59BFAF7}.Debug|Any CPU.Build.0 = Debug|Any CPU
		{10BA5DB0-8493-4076-A14A-C856D59BFAF7}.Debug|Mixed Platforms.ActiveCfg = Debug|Any CPU
		{10BA5DB0-8493-4076-A14A-C856D59BFAF7}.Debug|Mixed Platforms.Build.0 = Debug|Any CPU
		{10BA5DB0-8493-4076-A14A-C856D59BFAF7}.Debug|x86.ActiveCfg = Debug|Any CPU
		{10BA5DB0-8493-4076-A14A-C856D59BFAF7}.Release|Any CPU.ActiveCfg = Release|Any CPU
		{10BA5DB0-8493-4076-A14A-C856D59BFAF7}.Release|Any CPU.Build.0 = Release|Any CPU
		{10BA5DB0-8493-4076-A14A-C856D59BFAF7}.Release|Mixed Platforms.ActiveCfg = Release|Any CPU
		{10BA5DB0-8493-4076-A14A-C856D59BFAF7}.Release|Mixed Platforms.Build.0 = Release|Any CPU
		{10BA5DB0-8493-4076-A14A-C856D59BFAF7}.Release|x86.ActiveCfg = Release|Any CPU
	EndGlobalSection
	GlobalSection(SolutionProperties) = preSolution
		HideSolutionNode = FALSE
	EndGlobalSection
	GlobalSection(NestedProjects) = preSolution
		{71DFBE66-4959-498C-A8E4-A273180E60EA} = {7802C39B-9027-467D-82A0-E6DC07640A51}
		{B40A9F94-EF2B-4E52-9CFF-D9DAF2B42E65} = {7802C39B-9027-467D-82A0-E6DC07640A51}
		{2180D8B7-7AF7-4A1F-B8D5-3F7A299B271B} = {997AC60A-B1D2-4D4A-A26A-6B8A234A359C}
		{10BA5DB0-8493-4076-A14A-C856D59BFAF7} = {997AC60A-B1D2-4D4A-A26A-6B8A234A359C}
		{22964247-3C79-4404-A8EA-BED7C7B780A1} = {65CA7A10-4203-4088-AB09-850F5559F4CC}
		{A5B2E9F1-25CF-4733-80D3-0C3E4DFA0712} = {65CA7A10-4203-4088-AB09-850F5559F4CC}
	EndGlobalSection
EndGlobal
